
Microsoft Visual Studio Solution File, Format Version 12.00
# Visual Studio 14
VisualStudioVersion = 14.0.25420.1
MinimumVisualStudioVersion = 10.0.40219.1
Project("{FAE04EC0-301F-11D3-BF4B-00C04F79EFBC}") = "ZAd02", "ZAd2\ZAd02.csproj", "{A5510C8A-C00A-4377-AC3E-F2BD4D59388A}"
EndProject
Project("{FAE04EC0-301F-11D3-BF4B-00C04F79EFBC}") = "Zad03", "Zad3\Zad03.csproj", "{A06E35D7-F7CE-425A-BB13-2FA71D66C004}"
EndProject
Project("{FAE04EC0-301F-11D3-BF4B-00C04F79EFBC}") = "zad04", "zad4\zad04.csproj", "{B8F957C0-1FA2-4D8A-89C8-A57C5ED0261F}"
EndProject
Project("{FAE04EC0-301F-11D3-BF4B-00C04F79EFBC}") = "zad05", "zad5\zad05.csproj", "{6466D832-ED04-4A80-8F30-17D75E86BABF}"
EndProject
Project("{FAE04EC0-301F-11D3-BF4B-00C04F79EFBC}") = "zad06", "zad6\zad06.csproj", "{DF478D4E-518A-46B6-9589-3868649F10ED}"
EndProject
Project("{FAE04EC0-301F-11D3-BF4B-00C04F79EFBC}") = "zad07", "zad7\zad07.csproj", "{F11BB160-740B-414F-9B8E-BD99F19D505C}"
EndProject
Project("{FAE04EC0-301F-11D3-BF4B-00C04F79EFBC}") = "zad08", "zad8\zad08.csproj", "{93C5EB83-AB83-4B36-A1AB-48FCB521BBC0}"
EndProject
Project("{FAE04EC0-301F-11D3-BF4B-00C04F79EFBC}") = "zad09", "zad9\zad09.csproj", "{6FB5B6EE-9F7F-4A92-8D69-FD60DCB00E77}"
EndProject
Project("{FAE04EC0-301F-11D3-BF4B-00C04F79EFBC}") = "zad10", "zad10\zad10.csproj", "{12C8B574-91E0-4C12-BA6A-BC15B272F9B9}"
EndProject
Project("{FAE04EC0-301F-11D3-BF4B-00C04F79EFBC}") = "zad11", "zad11\zad11.csproj", "{68DE7787-9A15-4AA3-8374-114D4FE6AB31}"
EndProject
Project("{FAE04EC0-301F-11D3-BF4B-00C04F79EFBC}") = "zad12", "zad12\zad12.csproj", "{1504FC69-19F2-4412-9AB9-25942F71E89C}"
EndProject
Project("{FAE04EC0-301F-11D3-BF4B-00C04F79EFBC}") = "zad13", "zad13\zad13.csproj", "{3E512715-F5FB-401B-880B-634E8A9521EF}"
EndProject
Project("{FAE04EC0-301F-11D3-BF4B-00C04F79EFBC}") = "zad14", "zad14\zad14.csproj", "{414E8632-C5ED-48E9-A13A-188121D601E8}"
EndProject
Project("{FAE04EC0-301F-11D3-BF4B-00C04F79EFBC}") = "zad15", "zad15\zad15.csproj", "{D5BDC3F9-61C4-47B0-A7E9-746325A268E7}"
EndProject
Project("{FAE04EC0-301F-11D3-BF4B-00C04F79EFBC}") = "zad16", "zad16\zad16.csproj", "{C7095ABB-7FBC-4015-8F9C-59B329B64E54}"
EndProject
Project("{FAE04EC0-301F-11D3-BF4B-00C04F79EFBC}") = "zad17", "zad17\zad17.csproj", "{592821C1-D225-435D-94EB-078BE0F08D43}"
EndProject
Project("{FAE04EC0-301F-11D3-BF4B-00C04F79EFBC}") = "zad01", "zad01\zad01.csproj", "{0D5BE310-8D31-4122-828A-8A0B2694223C}"
EndProject
Global
	GlobalSection(SolutionConfigurationPlatforms) = preSolution
		Debug|Any CPU = Debug|Any CPU
		Release|Any CPU = Release|Any CPU
	EndGlobalSection
	GlobalSection(ProjectConfigurationPlatforms) = postSolution
		{A5510C8A-C00A-4377-AC3E-F2BD4D59388A}.Debug|Any CPU.ActiveCfg = Debug|Any CPU
		{A5510C8A-C00A-4377-AC3E-F2BD4D59388A}.Debug|Any CPU.Build.0 = Debug|Any CPU
		{A5510C8A-C00A-4377-AC3E-F2BD4D59388A}.Release|Any CPU.ActiveCfg = Release|Any CPU
		{A5510C8A-C00A-4377-AC3E-F2BD4D59388A}.Release|Any CPU.Build.0 = Release|Any CPU
		{A06E35D7-F7CE-425A-BB13-2FA71D66C004}.Debug|Any CPU.ActiveCfg = Debug|Any CPU
		{A06E35D7-F7CE-425A-BB13-2FA71D66C004}.Debug|Any CPU.Build.0 = Debug|Any CPU
		{A06E35D7-F7CE-425A-BB13-2FA71D66C004}.Release|Any CPU.ActiveCfg = Release|Any CPU
		{A06E35D7-F7CE-425A-BB13-2FA71D66C004}.Release|Any CPU.Build.0 = Release|Any CPU
		{B8F957C0-1FA2-4D8A-89C8-A57C5ED0261F}.Debug|Any CPU.ActiveCfg = Debug|Any CPU
		{B8F957C0-1FA2-4D8A-89C8-A57C5ED0261F}.Debug|Any CPU.Build.0 = Debug|Any CPU
		{B8F957C0-1FA2-4D8A-89C8-A57C5ED0261F}.Release|Any CPU.ActiveCfg = Release|Any CPU
		{B8F957C0-1FA2-4D8A-89C8-A57C5ED0261F}.Release|Any CPU.Build.0 = Release|Any CPU
		{6466D832-ED04-4A80-8F30-17D75E86BABF}.Debug|Any CPU.ActiveCfg = Debug|Any CPU
		{6466D832-ED04-4A80-8F30-17D75E86BABF}.Debug|Any CPU.Build.0 = Debug|Any CPU
		{6466D832-ED04-4A80-8F30-17D75E86BABF}.Release|Any CPU.ActiveCfg = Release|Any CPU
		{6466D832-ED04-4A80-8F30-17D75E86BABF}.Release|Any CPU.Build.0 = Release|Any CPU
		{DF478D4E-518A-46B6-9589-3868649F10ED}.Debug|Any CPU.ActiveCfg = Debug|Any CPU
		{DF478D4E-518A-46B6-9589-3868649F10ED}.Debug|Any CPU.Build.0 = Debug|Any CPU
		{DF478D4E-518A-46B6-9589-3868649F10ED}.Release|Any CPU.ActiveCfg = Release|Any CPU
		{DF478D4E-518A-46B6-9589-3868649F10ED}.Release|Any CPU.Build.0 = Release|Any CPU
		{F11BB160-740B-414F-9B8E-BD99F19D505C}.Debug|Any CPU.ActiveCfg = Debug|Any CPU
		{F11BB160-740B-414F-9B8E-BD99F19D505C}.Debug|Any CPU.Build.0 = Debug|Any CPU
		{F11BB160-740B-414F-9B8E-BD99F19D505C}.Release|Any CPU.ActiveCfg = Release|Any CPU
		{F11BB160-740B-414F-9B8E-BD99F19D505C}.Release|Any CPU.Build.0 = Release|Any CPU
		{93C5EB83-AB83-4B36-A1AB-48FCB521BBC0}.Debug|Any CPU.ActiveCfg = Debug|Any CPU
		{93C5EB83-AB83-4B36-A1AB-48FCB521BBC0}.Debug|Any CPU.Build.0 = Debug|Any CPU
		{93C5EB83-AB83-4B36-A1AB-48FCB521BBC0}.Release|Any CPU.ActiveCfg = Release|Any CPU
		{93C5EB83-AB83-4B36-A1AB-48FCB521BBC0}.Release|Any CPU.Build.0 = Release|Any CPU
		{6FB5B6EE-9F7F-4A92-8D69-FD60DCB00E77}.Debug|Any CPU.ActiveCfg = Debug|Any CPU
		{6FB5B6EE-9F7F-4A92-8D69-FD60DCB00E77}.Debug|Any CPU.Build.0 = Debug|Any CPU
		{6FB5B6EE-9F7F-4A92-8D69-FD60DCB00E77}.Release|Any CPU.ActiveCfg = Release|Any CPU
		{6FB5B6EE-9F7F-4A92-8D69-FD60DCB00E77}.Release|Any CPU.Build.0 = Release|Any CPU
		{12C8B574-91E0-4C12-BA6A-BC15B272F9B9}.Debug|Any CPU.ActiveCfg = Debug|Any CPU
		{12C8B574-91E0-4C12-BA6A-BC15B272F9B9}.Debug|Any CPU.Build.0 = Debug|Any CPU
		{12C8B574-91E0-4C12-BA6A-BC15B272F9B9}.Release|Any CPU.ActiveCfg = Release|Any CPU
		{12C8B574-91E0-4C12-BA6A-BC15B272F9B9}.Release|Any CPU.Build.0 = Release|Any CPU
		{68DE7787-9A15-4AA3-8374-114D4FE6AB31}.Debug|Any CPU.ActiveCfg = Debug|Any CPU
		{68DE7787-9A15-4AA3-8374-114D4FE6AB31}.Debug|Any CPU.Build.0 = Debug|Any CPU
		{68DE7787-9A15-4AA3-8374-114D4FE6AB31}.Release|Any CPU.ActiveCfg = Release|Any CPU
		{68DE7787-9A15-4AA3-8374-114D4FE6AB31}.Release|Any CPU.Build.0 = Release|Any CPU
		{1504FC69-19F2-4412-9AB9-25942F71E89C}.Debug|Any CPU.ActiveCfg = Debug|Any CPU
		{1504FC69-19F2-4412-9AB9-25942F71E89C}.Debug|Any CPU.Build.0 = Debug|Any CPU
		{1504FC69-19F2-4412-9AB9-25942F71E89C}.Release|Any CPU.ActiveCfg = Release|Any CPU
		{1504FC69-19F2-4412-9AB9-25942F71E89C}.Release|Any CPU.Build.0 = Release|Any CPU
		{3E512715-F5FB-401B-880B-634E8A9521EF}.Debug|Any CPU.ActiveCfg = Debug|Any CPU
		{3E512715-F5FB-401B-880B-634E8A9521EF}.Debug|Any CPU.Build.0 = Debug|Any CPU
		{3E512715-F5FB-401B-880B-634E8A9521EF}.Release|Any CPU.ActiveCfg = Release|Any CPU
		{3E512715-F5FB-401B-880B-634E8A9521EF}.Release|Any CPU.Build.0 = Release|Any CPU
		{414E8632-C5ED-48E9-A13A-188121D601E8}.Debug|Any CPU.ActiveCfg = Debug|Any CPU
		{414E8632-C5ED-48E9-A13A-188121D601E8}.Debug|Any CPU.Build.0 = Debug|Any CPU
		{414E8632-C5ED-48E9-A13A-188121D601E8}.Release|Any CPU.ActiveCfg = Release|Any CPU
		{414E8632-C5ED-48E9-A13A-188121D601E8}.Release|Any CPU.Build.0 = Release|Any CPU
		{D5BDC3F9-61C4-47B0-A7E9-746325A268E7}.Debug|Any CPU.ActiveCfg = Debug|Any CPU
		{D5BDC3F9-61C4-47B0-A7E9-746325A268E7}.Debug|Any CPU.Build.0 = Debug|Any CPU
		{D5BDC3F9-61C4-47B0-A7E9-746325A268E7}.Release|Any CPU.ActiveCfg = Release|Any CPU
		{D5BDC3F9-61C4-47B0-A7E9-746325A268E7}.Release|Any CPU.Build.0 = Release|Any CPU
		{C7095ABB-7FBC-4015-8F9C-59B329B64E54}.Debug|Any CPU.ActiveCfg = Debug|Any CPU
		{C7095ABB-7FBC-4015-8F9C-59B329B64E54}.Debug|Any CPU.Build.0 = Debug|Any CPU
		{C7095ABB-7FBC-4015-8F9C-59B329B64E54}.Release|Any CPU.ActiveCfg = Release|Any CPU
		{C7095ABB-7FBC-4015-8F9C-59B329B64E54}.Release|Any CPU.Build.0 = Release|Any CPU
		{592821C1-D225-435D-94EB-078BE0F08D43}.Debug|Any CPU.ActiveCfg = Debug|Any CPU
		{592821C1-D225-435D-94EB-078BE0F08D43}.Debug|Any CPU.Build.0 = Debug|Any CPU
		{592821C1-D225-435D-94EB-078BE0F08D43}.Release|Any CPU.ActiveCfg = Release|Any CPU
		{592821C1-D225-435D-94EB-078BE0F08D43}.Release|Any CPU.Build.0 = Release|Any CPU
		{0D5BE310-8D31-4122-828A-8A0B2694223C}.Debug|Any CPU.ActiveCfg = Debug|Any CPU
		{0D5BE310-8D31-4122-828A-8A0B2694223C}.Debug|Any CPU.Build.0 = Debug|Any CPU
		{0D5BE310-8D31-4122-828A-8A0B2694223C}.Release|Any CPU.ActiveCfg = Release|Any CPU
		{0D5BE310-8D31-4122-828A-8A0B2694223C}.Release|Any CPU.Build.0 = Release|Any CPU
	EndGlobalSection
	GlobalSection(SolutionProperties) = preSolution
		HideSolutionNode = FALSE
	EndGlobalSection
EndGlobal
